
Microsoft Visual Studio Solution File, Format Version 12.00
# Visual Studio 2013
VisualStudioVersion = 12.0.21005.1
MinimumVisualStudioVersion = 10.0.40219.1
Project("{FAE04EC0-301F-11D3-BF4B-00C04F79EFBC}") = "01.ArrayData", "01.ArrayData\01.ArrayData.csproj", "{1E23FFEE-7BC9-490A-B116-AB8BB6F0D7AA}"
EndProject
Project("{FAE04EC0-301F-11D3-BF4B-00C04F79EFBC}") = "02.StringDecryption", "02.StringDecryption\02.StringDecryption.csproj", "{267DB647-06B7-430C-8660-305EBFBB1C2F}"
EndProject
Project("{FAE04EC0-301F-11D3-BF4B-00C04F79EFBC}") = "03.Camping", "03.Camping\03.Camping.csproj", "{90E325BE-E3A2-4730-B419-B1FC74B2DD63}"
EndProject
Project("{FAE04EC0-301F-11D3-BF4B-00C04F79EFBC}") = "04.MostValuedCustomer", "04.MostValuedCustomer\04.MostValuedCustomer.csproj", "{F59BC410-C502-46B5-882B-983B8FAFFA5A}"
EndProject
Project("{FAE04EC0-301F-11D3-BF4B-00C04F79EFBC}") = "05.LambadaExpressions", "05.LambadaExpressions\05.LambadaExpressions.csproj", "{7477EF86-7B67-4418-9E5A-63960ABC8814}"
EndProject
Project("{FAE04EC0-301F-11D3-BF4B-00C04F79EFBC}") = "06.OrderedBankingSystem", "06.OrderedBankingSystem\06.OrderedBankingSystem.csproj", "{3C5B75E2-B34C-468E-A467-F8EB9A277C85}"
EndProject
Project("{FAE04EC0-301F-11D3-BF4B-00C04F79EFBC}") = "07.LINQuistics", "07.LINQuistics\07.LINQuistics.csproj", "{961402B9-60ED-47AA-93D5-F8D4F5BFC676}"
EndProject
Global
	GlobalSection(SolutionConfigurationPlatforms) = preSolution
		Debug|Any CPU = Debug|Any CPU
		Release|Any CPU = Release|Any CPU
	EndGlobalSection
	GlobalSection(ProjectConfigurationPlatforms) = postSolution
		{1E23FFEE-7BC9-490A-B116-AB8BB6F0D7AA}.Debug|Any CPU.ActiveCfg = Debug|Any CPU
		{1E23FFEE-7BC9-490A-B116-AB8BB6F0D7AA}.Debug|Any CPU.Build.0 = Debug|Any CPU
		{1E23FFEE-7BC9-490A-B116-AB8BB6F0D7AA}.Release|Any CPU.ActiveCfg = Release|Any CPU
		{1E23FFEE-7BC9-490A-B116-AB8BB6F0D7AA}.Release|Any CPU.Build.0 = Release|Any CPU
		{267DB647-06B7-430C-8660-305EBFBB1C2F}.Debug|Any CPU.ActiveCfg = Debug|Any CPU
		{267DB647-06B7-430C-8660-305EBFBB1C2F}.Debug|Any CPU.Build.0 = Debug|Any CPU
		{267DB647-06B7-430C-8660-305EBFBB1C2F}.Release|Any CPU.ActiveCfg = Release|Any CPU
		{267DB647-06B7-430C-8660-305EBFBB1C2F}.Release|Any CPU.Build.0 = Release|Any CPU
		{90E325BE-E3A2-4730-B419-B1FC74B2DD63}.Debug|Any CPU.ActiveCfg = Debug|Any CPU
		{90E325BE-E3A2-4730-B419-B1FC74B2DD63}.Debug|Any CPU.Build.0 = Debug|Any CPU
		{90E325BE-E3A2-4730-B419-B1FC74B2DD63}.Release|Any CPU.ActiveCfg = Release|Any CPU
		{90E325BE-E3A2-4730-B419-B1FC74B2DD63}.Release|Any CPU.Build.0 = Release|Any CPU
		{F59BC410-C502-46B5-882B-983B8FAFFA5A}.Debug|Any CPU.ActiveCfg = Debug|Any CPU
		{F59BC410-C502-46B5-882B-983B8FAFFA5A}.Debug|Any CPU.Build.0 = Debug|Any CPU
		{F59BC410-C502-46B5-882B-983B8FAFFA5A}.Release|Any CPU.ActiveCfg = Release|Any CPU
		{F59BC410-C502-46B5-882B-983B8FAFFA5A}.Release|Any CPU.Build.0 = Release|Any CPU
		{7477EF86-7B67-4418-9E5A-63960ABC8814}.Debug|Any CPU.ActiveCfg = Debug|Any CPU
		{7477EF86-7B67-4418-9E5A-63960ABC8814}.Debug|Any CPU.Build.0 = Debug|Any CPU
		{7477EF86-7B67-4418-9E5A-63960ABC8814}.Release|Any CPU.ActiveCfg = Release|Any CPU
		{7477EF86-7B67-4418-9E5A-63960ABC8814}.Release|Any CPU.Build.0 = Release|Any CPU
		{3C5B75E2-B34C-468E-A467-F8EB9A277C85}.Debug|Any CPU.ActiveCfg = Debug|Any CPU
		{3C5B75E2-B34C-468E-A467-F8EB9A277C85}.Debug|Any CPU.Build.0 = Debug|Any CPU
		{3C5B75E2-B34C-468E-A467-F8EB9A277C85}.Release|Any CPU.ActiveCfg = Release|Any CPU
		{3C5B75E2-B34C-468E-A467-F8EB9A277C85}.Release|Any CPU.Build.0 = Release|Any CPU
		{961402B9-60ED-47AA-93D5-F8D4F5BFC676}.Debug|Any CPU.ActiveCfg = Debug|Any CPU
		{961402B9-60ED-47AA-93D5-F8D4F5BFC676}.Debug|Any CPU.Build.0 = Debug|Any CPU
		{961402B9-60ED-47AA-93D5-F8D4F5BFC676}.Release|Any CPU.ActiveCfg = Release|Any CPU
		{961402B9-60ED-47AA-93D5-F8D4F5BFC676}.Release|Any CPU.Build.0 = Release|Any CPU
	EndGlobalSection
	GlobalSection(SolutionProperties) = preSolution
		HideSolutionNode = FALSE
	EndGlobalSection
EndGlobal
