
Microsoft Visual Studio Solution File, Format Version 12.00
# Visual Studio 14
VisualStudioVersion = 14.0.25420.1
MinimumVisualStudioVersion = 10.0.40219.1
Project("{FAE04EC0-301F-11D3-BF4B-00C04F79EFBC}") = "01.Blank-receipt", "01.Blank-receipt\01.Blank-receipt.csproj", "{AAA0FAD9-2112-4860-A90C-1786C2A2CF8C}"
EndProject
Project("{FAE04EC0-301F-11D3-BF4B-00C04F79EFBC}") = "02.SignOfSignedNumber", "02.SignOfSignedNumber\02.SignOfSignedNumber.csproj", "{094653C0-B441-4691-A9CD-769B2A454E84}"
EndProject
Project("{FAE04EC0-301F-11D3-BF4B-00C04F79EFBC}") = "03.PrintTriangle", "03.PrintTriangle\03.PrintTriangle.csproj", "{5E6EE063-3FC0-4D88-A8BC-B52C6861794A}"
EndProject
Project("{FAE04EC0-301F-11D3-BF4B-00C04F79EFBC}") = "04.DrawFilledSquare", "04.DrawFilledSquare\04.DrawFilledSquare.csproj", "{B3370B04-13AE-48D6-8494-13F121FFF5DE}"
EndProject
Project("{FAE04EC0-301F-11D3-BF4B-00C04F79EFBC}") = "05.CalculateTriangleArea", "05.CalculateTriangleArea\05.CalculateTriangleArea.csproj", "{1F4F9302-3A7D-4C5B-BC7C-25CFA41570C0}"
EndProject
Project("{FAE04EC0-301F-11D3-BF4B-00C04F79EFBC}") = "06.RaiseToPower", "06.RaiseToPower\06.RaiseToPower.csproj", "{519AEF20-75CE-4A23-994F-2A81E21D2781}"
EndProject
Project("{FAE04EC0-301F-11D3-BF4B-00C04F79EFBC}") = "07.GreaterOfTwoValues", "07.GreaterOfTwoValues\07.GreaterOfTwoValues.csproj", "{57F15098-B7A6-490D-9F46-4B0C6ECF1413}"
EndProject
Project("{FAE04EC0-301F-11D3-BF4B-00C04F79EFBC}") = "08.MultiplyEvensByOdds", "08.MultiplyEvensByOdds\08.MultiplyEvensByOdds.csproj", "{B6EEA36D-415E-4C5A-B7A7-44E30C3753CB}"
EndProject
Project("{FAE04EC0-301F-11D3-BF4B-00C04F79EFBC}") = "09.HolidaysBetweenTwoDates", "09.HolidaysBetweenTwoDays\09.HolidaysBetweenTwoDates.csproj", "{0446514A-B80A-4681-9CEC-53035DA32420}"
EndProject
Project("{FAE04EC0-301F-11D3-BF4B-00C04F79EFBC}") = "10.PriceChangeAlert", "10.PriceChangeAlert\10.PriceChangeAlert.csproj", "{1AEB3CC3-807A-401F-98E6-019392276889}"
EndProject
Global
	GlobalSection(SolutionConfigurationPlatforms) = preSolution
		Debug|Any CPU = Debug|Any CPU
		Release|Any CPU = Release|Any CPU
	EndGlobalSection
	GlobalSection(ProjectConfigurationPlatforms) = postSolution
		{AAA0FAD9-2112-4860-A90C-1786C2A2CF8C}.Debug|Any CPU.ActiveCfg = Debug|Any CPU
		{AAA0FAD9-2112-4860-A90C-1786C2A2CF8C}.Debug|Any CPU.Build.0 = Debug|Any CPU
		{AAA0FAD9-2112-4860-A90C-1786C2A2CF8C}.Release|Any CPU.ActiveCfg = Release|Any CPU
		{AAA0FAD9-2112-4860-A90C-1786C2A2CF8C}.Release|Any CPU.Build.0 = Release|Any CPU
		{094653C0-B441-4691-A9CD-769B2A454E84}.Debug|Any CPU.ActiveCfg = Debug|Any CPU
		{094653C0-B441-4691-A9CD-769B2A454E84}.Debug|Any CPU.Build.0 = Debug|Any CPU
		{094653C0-B441-4691-A9CD-769B2A454E84}.Release|Any CPU.ActiveCfg = Release|Any CPU
		{094653C0-B441-4691-A9CD-769B2A454E84}.Release|Any CPU.Build.0 = Release|Any CPU
		{5E6EE063-3FC0-4D88-A8BC-B52C6861794A}.Debug|Any CPU.ActiveCfg = Debug|Any CPU
		{5E6EE063-3FC0-4D88-A8BC-B52C6861794A}.Debug|Any CPU.Build.0 = Debug|Any CPU
		{5E6EE063-3FC0-4D88-A8BC-B52C6861794A}.Release|Any CPU.ActiveCfg = Release|Any CPU
		{5E6EE063-3FC0-4D88-A8BC-B52C6861794A}.Release|Any CPU.Build.0 = Release|Any CPU
		{B3370B04-13AE-48D6-8494-13F121FFF5DE}.Debug|Any CPU.ActiveCfg = Debug|Any CPU
		{B3370B04-13AE-48D6-8494-13F121FFF5DE}.Debug|Any CPU.Build.0 = Debug|Any CPU
		{B3370B04-13AE-48D6-8494-13F121FFF5DE}.Release|Any CPU.ActiveCfg = Release|Any CPU
		{B3370B04-13AE-48D6-8494-13F121FFF5DE}.Release|Any CPU.Build.0 = Release|Any CPU
		{1F4F9302-3A7D-4C5B-BC7C-25CFA41570C0}.Debug|Any CPU.ActiveCfg = Debug|Any CPU
		{1F4F9302-3A7D-4C5B-BC7C-25CFA41570C0}.Debug|Any CPU.Build.0 = Debug|Any CPU
		{1F4F9302-3A7D-4C5B-BC7C-25CFA41570C0}.Release|Any CPU.ActiveCfg = Release|Any CPU
		{1F4F9302-3A7D-4C5B-BC7C-25CFA41570C0}.Release|Any CPU.Build.0 = Release|Any CPU
		{519AEF20-75CE-4A23-994F-2A81E21D2781}.Debug|Any CPU.ActiveCfg = Debug|Any CPU
		{519AEF20-75CE-4A23-994F-2A81E21D2781}.Debug|Any CPU.Build.0 = Debug|Any CPU
		{519AEF20-75CE-4A23-994F-2A81E21D2781}.Release|Any CPU.ActiveCfg = Release|Any CPU
		{519AEF20-75CE-4A23-994F-2A81E21D2781}.Release|Any CPU.Build.0 = Release|Any CPU
		{57F15098-B7A6-490D-9F46-4B0C6ECF1413}.Debug|Any CPU.ActiveCfg = Debug|Any CPU
		{57F15098-B7A6-490D-9F46-4B0C6ECF1413}.Debug|Any CPU.Build.0 = Debug|Any CPU
		{57F15098-B7A6-490D-9F46-4B0C6ECF1413}.Release|Any CPU.ActiveCfg = Release|Any CPU
		{57F15098-B7A6-490D-9F46-4B0C6ECF1413}.Release|Any CPU.Build.0 = Release|Any CPU
		{B6EEA36D-415E-4C5A-B7A7-44E30C3753CB}.Debug|Any CPU.ActiveCfg = Debug|Any CPU
		{B6EEA36D-415E-4C5A-B7A7-44E30C3753CB}.Debug|Any CPU.Build.0 = Debug|Any CPU
		{B6EEA36D-415E-4C5A-B7A7-44E30C3753CB}.Release|Any CPU.ActiveCfg = Release|Any CPU
		{B6EEA36D-415E-4C5A-B7A7-44E30C3753CB}.Release|Any CPU.Build.0 = Release|Any CPU
		{0446514A-B80A-4681-9CEC-53035DA32420}.Debug|Any CPU.ActiveCfg = Debug|Any CPU
		{0446514A-B80A-4681-9CEC-53035DA32420}.Debug|Any CPU.Build.0 = Debug|Any CPU
		{0446514A-B80A-4681-9CEC-53035DA32420}.Release|Any CPU.ActiveCfg = Release|Any CPU
		{0446514A-B80A-4681-9CEC-53035DA32420}.Release|Any CPU.Build.0 = Release|Any CPU
		{1AEB3CC3-807A-401F-98E6-019392276889}.Debug|Any CPU.ActiveCfg = Debug|Any CPU
		{1AEB3CC3-807A-401F-98E6-019392276889}.Debug|Any CPU.Build.0 = Debug|Any CPU
		{1AEB3CC3-807A-401F-98E6-019392276889}.Release|Any CPU.ActiveCfg = Release|Any CPU
		{1AEB3CC3-807A-401F-98E6-019392276889}.Release|Any CPU.Build.0 = Release|Any CPU
	EndGlobalSection
	GlobalSection(SolutionProperties) = preSolution
		HideSolutionNode = FALSE
	EndGlobalSection
EndGlobal
